
Microsoft Visual Studio Solution File, Format Version 12.00
# Visual Studio Version 16
VisualStudioVersion = 16.0.30104.148
MinimumVisualStudioVersion = 10.0.40219.1
Project("{8BC9CEB8-8B4A-11D0-8D11-00A0C91BC942}") = "Laboratory3", "Laboratory3\Laboratory3.vcxproj", "{FD110359-ABF1-47EE-AF88-64B6427D9175}"
EndProject
Global
	GlobalSection(SolutionConfigurationPlatforms) = preSolution
		Debug|x64 = Debug|x64
		Debug|x86 = Debug|x86
		Release|x64 = Release|x64
		Release|x86 = Release|x86
	EndGlobalSection
	GlobalSection(ProjectConfigurationPlatforms) = postSolution
		{FD110359-ABF1-47EE-AF88-64B6427D9175}.Debug|x64.ActiveCfg = Debug|x64
		{FD110359-ABF1-47EE-AF88-64B6427D9175}.Debug|x64.Build.0 = Debug|x64
		{FD110359-ABF1-47EE-AF88-64B6427D9175}.Debug|x86.ActiveCfg = Debug|Win32
		{FD110359-ABF1-47EE-AF88-64B6427D9175}.Debug|x86.Build.0 = Debug|Win32
		{FD110359-ABF1-47EE-AF88-64B6427D9175}.Release|x64.ActiveCfg = Release|x64
		{FD110359-ABF1-47EE-AF88-64B6427D9175}.Release|x64.Build.0 = Release|x64
		{FD110359-ABF1-47EE-AF88-64B6427D9175}.Release|x86.ActiveCfg = Release|Win32
		{FD110359-ABF1-47EE-AF88-64B6427D9175}.Release|x86.Build.0 = Release|Win32
	EndGlobalSection
	GlobalSection(SolutionProperties) = preSolution
		HideSolutionNode = FALSE
	EndGlobalSection
	GlobalSection(ExtensibilityGlobals) = postSolution
		SolutionGuid = {729A081E-6724-4585-806A-B4ABA07FA7B6}
	EndGlobalSection
EndGlobal
